
Microsoft Visual Studio Solution File, Format Version 12.00
# Visual Studio Version 16
VisualStudioVersion = 16.0.30611.23
MinimumVisualStudioVersion = 10.0.40219.1
Project("{FAE04EC0-301F-11D3-BF4B-00C04F79EFBC}") = "01-线性表", "01-线性表\01-线性表.csproj", "{0395BCB2-71D2-4F82-B46A-FA48AF438573}"
EndProject
Project("{FAE04EC0-301F-11D3-BF4B-00C04F79EFBC}") = "02-栈", "02-栈\02-栈.csproj", "{C4BD2EC7-4593-445D-BA4E-FE93042A481B}"
EndProject
Project("{FAE04EC0-301F-11D3-BF4B-00C04F79EFBC}") = "03-队列", "03-队列\03-队列.csproj", "{A4FA6D54-6A21-428F-B154-8D0912E845E1}"
EndProject
Project("{FAE04EC0-301F-11D3-BF4B-00C04F79EFBC}") = "04-栈和队列应用举例", "04-栈和队列应用举例\04-栈和队列应用举例.csproj", "{88CFB5FE-EACA-437A-8D20-C76A1E540E46}"
EndProject
Project("{FAE04EC0-301F-11D3-BF4B-00C04F79EFBC}") = "05-串", "05-串\05-串.csproj", "{621A5244-229E-4BFF-855E-F62CEC45FC39}"
EndProject
Project("{FAE04EC0-301F-11D3-BF4B-00C04F79EFBC}") = "06-直接插入排序", "06-直接插入排序\06-直接插入排序.csproj", "{2937507B-6798-49D8-A1BD-0C3500879665}"
EndProject
Project("{FAE04EC0-301F-11D3-BF4B-00C04F79EFBC}") = "07-简单选择排序", "07-简单选择排序\07-简单选择排序.csproj", "{1C94E18A-B2D5-4B3E-B371-F1C9638DDC02}"
EndProject
Project("{FAE04EC0-301F-11D3-BF4B-00C04F79EFBC}") = "08-快速排序", "08-快速排序\08-快速排序.csproj", "{B53E9D84-BA4A-4542-87B9-BF46C5F8BC6E}"
EndProject
Global
	GlobalSection(SolutionConfigurationPlatforms) = preSolution
		Debug|Any CPU = Debug|Any CPU
		Release|Any CPU = Release|Any CPU
	EndGlobalSection
	GlobalSection(ProjectConfigurationPlatforms) = postSolution
		{0395BCB2-71D2-4F82-B46A-FA48AF438573}.Debug|Any CPU.ActiveCfg = Debug|Any CPU
		{0395BCB2-71D2-4F82-B46A-FA48AF438573}.Debug|Any CPU.Build.0 = Debug|Any CPU
		{0395BCB2-71D2-4F82-B46A-FA48AF438573}.Release|Any CPU.ActiveCfg = Release|Any CPU
		{0395BCB2-71D2-4F82-B46A-FA48AF438573}.Release|Any CPU.Build.0 = Release|Any CPU
		{C4BD2EC7-4593-445D-BA4E-FE93042A481B}.Debug|Any CPU.ActiveCfg = Debug|Any CPU
		{C4BD2EC7-4593-445D-BA4E-FE93042A481B}.Debug|Any CPU.Build.0 = Debug|Any CPU
		{C4BD2EC7-4593-445D-BA4E-FE93042A481B}.Release|Any CPU.ActiveCfg = Release|Any CPU
		{C4BD2EC7-4593-445D-BA4E-FE93042A481B}.Release|Any CPU.Build.0 = Release|Any CPU
		{A4FA6D54-6A21-428F-B154-8D0912E845E1}.Debug|Any CPU.ActiveCfg = Debug|Any CPU
		{A4FA6D54-6A21-428F-B154-8D0912E845E1}.Debug|Any CPU.Build.0 = Debug|Any CPU
		{A4FA6D54-6A21-428F-B154-8D0912E845E1}.Release|Any CPU.ActiveCfg = Release|Any CPU
		{A4FA6D54-6A21-428F-B154-8D0912E845E1}.Release|Any CPU.Build.0 = Release|Any CPU
		{88CFB5FE-EACA-437A-8D20-C76A1E540E46}.Debug|Any CPU.ActiveCfg = Debug|Any CPU
		{88CFB5FE-EACA-437A-8D20-C76A1E540E46}.Debug|Any CPU.Build.0 = Debug|Any CPU
		{88CFB5FE-EACA-437A-8D20-C76A1E540E46}.Release|Any CPU.ActiveCfg = Release|Any CPU
		{88CFB5FE-EACA-437A-8D20-C76A1E540E46}.Release|Any CPU.Build.0 = Release|Any CPU
		{621A5244-229E-4BFF-855E-F62CEC45FC39}.Debug|Any CPU.ActiveCfg = Debug|Any CPU
		{621A5244-229E-4BFF-855E-F62CEC45FC39}.Debug|Any CPU.Build.0 = Debug|Any CPU
		{621A5244-229E-4BFF-855E-F62CEC45FC39}.Release|Any CPU.ActiveCfg = Release|Any CPU
		{621A5244-229E-4BFF-855E-F62CEC45FC39}.Release|Any CPU.Build.0 = Release|Any CPU
		{2937507B-6798-49D8-A1BD-0C3500879665}.Debug|Any CPU.ActiveCfg = Debug|Any CPU
		{2937507B-6798-49D8-A1BD-0C3500879665}.Debug|Any CPU.Build.0 = Debug|Any CPU
		{2937507B-6798-49D8-A1BD-0C3500879665}.Release|Any CPU.ActiveCfg = Release|Any CPU
		{2937507B-6798-49D8-A1BD-0C3500879665}.Release|Any CPU.Build.0 = Release|Any CPU
		{1C94E18A-B2D5-4B3E-B371-F1C9638DDC02}.Debug|Any CPU.ActiveCfg = Debug|Any CPU
		{1C94E18A-B2D5-4B3E-B371-F1C9638DDC02}.Debug|Any CPU.Build.0 = Debug|Any CPU
		{1C94E18A-B2D5-4B3E-B371-F1C9638DDC02}.Release|Any CPU.ActiveCfg = Release|Any CPU
		{1C94E18A-B2D5-4B3E-B371-F1C9638DDC02}.Release|Any CPU.Build.0 = Release|Any CPU
		{B53E9D84-BA4A-4542-87B9-BF46C5F8BC6E}.Debug|Any CPU.ActiveCfg = Debug|Any CPU
		{B53E9D84-BA4A-4542-87B9-BF46C5F8BC6E}.Debug|Any CPU.Build.0 = Debug|Any CPU
		{B53E9D84-BA4A-4542-87B9-BF46C5F8BC6E}.Release|Any CPU.ActiveCfg = Release|Any CPU
		{B53E9D84-BA4A-4542-87B9-BF46C5F8BC6E}.Release|Any CPU.Build.0 = Release|Any CPU
	EndGlobalSection
	GlobalSection(SolutionProperties) = preSolution
		HideSolutionNode = FALSE
	EndGlobalSection
	GlobalSection(ExtensibilityGlobals) = postSolution
		SolutionGuid = {8D14D262-C5E4-4A99-A528-892FAB9C71B3}
	EndGlobalSection
EndGlobal
